// !$*UTF8*$!
{
	archiveVersion = 1;
	classes = {
	};
	objectVersion = 55;
	objects = {

/* Begin PBXBuildFile section */
		CE6FCD3F293383AC0090ECB3 /* AppDelegate.swift in Sources */ = {isa = PBXBuildFile; fileRef = CE6FCD3E293383AC0090ECB3 /* AppDelegate.swift */; };
		CE6FCD41293383AC0090ECB3 /* SceneDelegate.swift in Sources */ = {isa = PBXBuildFile; fileRef = CE6FCD40293383AC0090ECB3 /* SceneDelegate.swift */; };
		CE6FCD43293383AC0090ECB3 /* ViewController.swift in Sources */ = {isa = PBXBuildFile; fileRef = CE6FCD42293383AC0090ECB3 /* ViewController.swift */; };
		CE6FCD46293383AC0090ECB3 /* Main.storyboard in Resources */ = {isa = PBXBuildFile; fileRef = CE6FCD44293383AC0090ECB3 /* Main.storyboard */; };
		CE6FCD48293383AF0090ECB3 /* Assets.xcassets in Resources */ = {isa = PBXBuildFile; fileRef = CE6FCD47293383AF0090ECB3 /* Assets.xcassets */; };
		CE6FCD4B293383AF0090ECB3 /* LaunchScreen.storyboard in Resources */ = {isa = PBXBuildFile; fileRef = CE6FCD49293383AF0090ECB3 /* LaunchScreen.storyboard */; };
		CE6FCD54293386C90090ECB3 /* ResponseResult.swift in Sources */ = {isa = PBXBuildFile; fileRef = CE6FCD53293386C90090ECB3 /* ResponseResult.swift */; };
		CE6FCD56293387690090ECB3 /* User.swift in Sources */ = {isa = PBXBuildFile; fileRef = CE6FCD55293387690090ECB3 /* User.swift */; };
		CE6FCD58293388320090ECB3 /* Support.swift in Sources */ = {isa = PBXBuildFile; fileRef = CE6FCD57293388320090ECB3 /* Support.swift */; };
/* End PBXBuildFile section */

/* Begin PBXFileReference section */
		CE6FCD3B293383AC0090ECB3 /* JSONParsingDemo.app */ = {isa = PBXFileReference; explicitFileType = wrapper.application; includeInIndex = 0; path = JSONParsingDemo.app; sourceTree = BUILT_PRODUCTS_DIR; };
		CE6FCD3E293383AC0090ECB3 /* AppDelegate.swift */ = {isa = PBXFileReference; lastKnownFileType = sourcecode.swift; path = AppDelegate.swift; sourceTree = "<group>"; };
		CE6FCD40293383AC0090ECB3 /* SceneDelegate.swift */ = {isa = PBXFileReference; lastKnownFileType = sourcecode.swift; path = SceneDelegate.swift; sourceTree = "<group>"; };
		CE6FCD42293383AC0090ECB3 /* ViewController.swift */ = {isa = PBXFileReference; lastKnownFileType = sourcecode.swift; path = ViewController.swift; sourceTree = "<group>"; };
		CE6FCD45293383AC0090ECB3 /* Base */ = {isa = PBXFileReference; lastKnownFileType = file.storyboard; name = Base; path = Base.lproj/Main.storyboard; sourceTree = "<group>"; };
		CE6FCD47293383AF0090ECB3 /* Assets.xcassets */ = {isa = PBXFileReference; lastKnownFileType = folder.assetcatalog; path = Assets.xcassets; sourceTree = "<group>"; };
		CE6FCD4A293383AF0090ECB3 /* Base */ = {isa = PBXFileReference; lastKnownFileType = file.storyboard; name = Base; path = Base.lproj/LaunchScreen.storyboard; sourceTree = "<group>"; };
		CE6FCD4C293383AF0090ECB3 /* Info.plist */ = {isa = PBXFileReference; lastKnownFileType = text.plist.xml; path = Info.plist; sourceTree = "<group>"; };
		CE6FCD53293386C90090ECB3 /* ResponseResult.swift */ = {isa = PBXFileReference; lastKnownFileType = sourcecode.swift; path = ResponseResult.swift; sourceTree = "<group>"; };
		CE6FCD55293387690090ECB3 /* User.swift */ = {isa = PBXFileReference; lastKnownFileType = sourcecode.swift; path = User.swift; sourceTree = "<group>"; };
		CE6FCD57293388320090ECB3 /* Support.swift */ = {isa = PBXFileReference; lastKnownFileType = sourcecode.swift; path = Support.swift; sourceTree = "<group>"; };
/* End PBXFileReference section */

/* Begin PBXFrameworksBuildPhase section */
		CE6FCD38293383AC0090ECB3 /* Frameworks */ = {
			isa = PBXFrameworksBuildPhase;
			buildActionMask = 2147483647;
			files = (
			);
			runOnlyForDeploymentPostprocessing = 0;
		};
/* End PBXFrameworksBuildPhase section */

/* Begin PBXGroup section */
		CE6FCD32293383AC0090ECB3 = {
			isa = PBXGroup;
			children = (
				CE6FCD3D293383AC0090ECB3 /* JSONParsingDemo */,
				CE6FCD3C293383AC0090ECB3 /* Products */,
			);
			sourceTree = "<group>";
		};
		CE6FCD3C293383AC0090ECB3 /* Products */ = {
			isa = PBXGroup;
			children = (
				CE6FCD3B293383AC0090ECB3 /* JSONParsingDemo.app */,
			);
			name = Products;
			sourceTree = "<group>";
		};
		CE6FCD3D293383AC0090ECB3 /* JSONParsingDemo */ = {
			isa = PBXGroup;
			children = (
				CE6FCD522933867D0090ECB3 /* Models */,
				CE6FCD3E293383AC0090ECB3 /* AppDelegate.swift */,
				CE6FCD40293383AC0090ECB3 /* SceneDelegate.swift */,
				CE6FCD42293383AC0090ECB3 /* ViewController.swift */,
				CE6FCD44293383AC0090ECB3 /* Main.storyboard */,
				CE6FCD47293383AF0090ECB3 /* Assets.xcassets */,
				CE6FCD49293383AF0090ECB3 /* LaunchScreen.storyboard */,
				CE6FCD4C293383AF0090ECB3 /* Info.plist */,
			);
			path = JSONParsingDemo;
			sourceTree = "<group>";
		};
		CE6FCD522933867D0090ECB3 /* Models */ = {
			isa = PBXGroup;
			children = (
				CE6FCD53293386C90090ECB3 /* ResponseResult.swift */,
				CE6FCD55293387690090ECB3 /* User.swift */,
				CE6FCD57293388320090ECB3 /* Support.swift */,
			);
			path = Models;
			sourceTree = "<group>";
		};
/* End PBXGroup section */

/* Begin PBXNativeTarget section */
		CE6FCD3A293383AC0090ECB3 /* JSONParsingDemo */ = {
			isa = PBXNativeTarget;
			buildConfigurationList = CE6FCD4F293383AF0090ECB3 /* Build configuration list for PBXNativeTarget "JSONParsingDemo" */;
			buildPhases = (
				CE6FCD37293383AC0090ECB3 /* Sources */,
				CE6FCD38293383AC0090ECB3 /* Frameworks */,
				CE6FCD39293383AC0090ECB3 /* Resources */,
			);
			buildRules = (
			);
			dependencies = (
			);
			name = JSONParsingDemo;
			productName = JSONParsingDemo;
			productReference = CE6FCD3B293383AC0090ECB3 /* JSONParsingDemo.app */;
			productType = "com.apple.product-type.application";
		};
/* End PBXNativeTarget section */

/* Begin PBXProject section */
		CE6FCD33293383AC0090ECB3 /* Project object */ = {
			isa = PBXProject;
			attributes = {
				BuildIndependentTargetsInParallel = 1;
				LastSwiftUpdateCheck = 1320;
				LastUpgradeCheck = 1320;
				TargetAttributes = {
					CE6FCD3A293383AC0090ECB3 = {
						CreatedOnToolsVersion = 13.2.1;
					};
				};
			};
			buildConfigurationList = CE6FCD36293383AC0090ECB3 /* Build configuration list for PBXProject "JSONParsingDemo" */;
			compatibilityVersion = "Xcode 13.0";
			developmentRegion = en;
			hasScannedForEncodings = 0;
			knownRegions = (
				en,
				Base,
			);
			mainGroup = CE6FCD32293383AC0090ECB3;
			productRefGroup = CE6FCD3C293383AC0090ECB3 /* Products */;
			projectDirPath = "";
			projectRoot = "";
			targets = (
				CE6FCD3A293383AC0090ECB3 /* JSONParsingDemo */,
			);
		};
/* End PBXProject section */

/* Begin PBXResourcesBuildPhase section */
		CE6FCD39293383AC0090ECB3 /* Resources */ = {
			isa = PBXResourcesBuildPhase;
			buildActionMask = 2147483647;
			files = (
				CE6FCD4B293383AF0090ECB3 /* LaunchScreen.storyboard in Resources */,
				CE6FCD48293383AF0090ECB3 /* Assets.xcassets in Resources */,
				CE6FCD46293383AC0090ECB3 /* Main.storyboard in Resources */,
			);
			runOnlyForDeploymentPostprocessing = 0;
		};
/* End PBXResourcesBuildPhase section */

/* Begin PBXSourcesBuildPhase section */
		CE6FCD37293383AC0090ECB3 /* Sources */ = {
			isa = PBXSourcesBuildPhase;
			buildActionMask = 2147483647;
			files = (
				CE6FCD43293383AC0090ECB3 /* ViewController.swift in Sources */,
				CE6FCD54293386C90090ECB3 /* ResponseResult.swift in Sources */,
				CE6FCD3F293383AC0090ECB3 /* AppDelegate.swift in Sources */,
				CE6FCD56293387690090ECB3 /* User.swift in Sources */,
				CE6FCD41293383AC0090ECB3 /* SceneDelegate.swift in Sources */,
				CE6FCD58293388320090ECB3 /* Support.swift in Sources */,
			);
			runOnlyForDeploymentPostprocessing = 0;
		};
/* End PBXSourcesBuildPhase section */

/* Begin PBXVariantGroup section */
		CE6FCD44293383AC0090ECB3 /* Main.storyboard */ = {
			isa = PBXVariantGroup;
			children = (
				CE6FCD45293383AC0090ECB3 /* Base */,
			);
			name = Main.storyboard;
			sourceTree = "<group>";
		};
		CE6FCD49293383AF0090ECB3 /* LaunchScreen.storyboard */ = {
			isa = PBXVariantGroup;
			children = (
				CE6FCD4A293383AF0090ECB3 /* Base */,
			);
			name = LaunchScreen.storyboard;
			sourceTree = "<group>";
		};
/* End PBXVariantGroup section */

/* Begin XCBuildConfiguration section */
		CE6FCD4D293383AF0090ECB3 /* Debug */ = {
			isa = XCBuildConfiguration;
			buildSettings = {
				ALWAYS_SEARCH_USER_PATHS = NO;
				CLANG_ANALYZER_NONNULL = YES;
				CLANG_ANALYZER_NUMBER_OBJECT_CONVERSION = YES_AGGRESSIVE;
				CLANG_CXX_LANGUAGE_STANDARD = "gnu++17";
				CLANG_CXX_LIBRARY = "libc++";
				CLANG_ENABLE_MODULES = YES;
				CLANG_ENABLE_OBJC_ARC = YES;
				CLANG_ENABLE_OBJC_WEAK = YES;
				CLANG_WARN_BLOCK_CAPTURE_AUTORELEASING = YES;
				CLANG_WARN_BOOL_CONVERSION = YES;
				CLANG_WARN_COMMA = YES;
				CLANG_WARN_CONSTANT_CONVERSION = YES;
				CLANG_WARN_DEPRECATED_OBJC_IMPLEMENTATIONS = YES;
				CLANG_WARN_DIRECT_OBJC_ISA_USAGE = YES_ERROR;
				CLANG_WARN_DOCUMENTATION_COMMENTS = YES;
				CLANG_WARN_EMPTY_BODY = YES;
				CLANG_WARN_ENUM_CONVERSION = YES;
				CLANG_WARN_INFINITE_RECURSION = YES;
				CLANG_WARN_INT_CONVERSION = YES;
				CLANG_WARN_NON_LITERAL_NULL_CONVERSION = YES;
				CLANG_WARN_OBJC_IMPLICIT_RETAIN_SELF = YES;
				CLANG_WARN_OBJC_LITERAL_CONVERSION = YES;
				CLANG_WARN_OBJC_ROOT_CLASS = YES_ERROR;
				CLANG_WARN_QUOTED_INCLUDE_IN_FRAMEWORK_HEADER = YES;
				CLANG_WARN_RANGE_LOOP_ANALYSIS = YES;
				CLANG_WARN_STRICT_PROTOTYPES = YES;
				CLANG_WARN_SUSPICIOUS_MOVE = YES;
				CLANG_WARN_UNGUARDED_AVAILABILITY = YES_AGGRESSIVE;
				CLANG_WARN_UNREACHABLE_CODE = YES;
				CLANG_WARN__DUPLICATE_METHOD_MATCH = YES;
				COPY_PHASE_STRIP = NO;
				DEBUG_INFORMATION_FORMAT = dwarf;
				ENABLE_STRICT_OBJC_MSGSEND = YES;
				ENABLE_TESTABILITY = YES;
				GCC_C_LANGUAGE_STANDARD = gnu11;
				GCC_DYNAMIC_NO_PIC = NO;
				GCC_NO_COMMON_BLOCKS = YES;
				GCC_OPTIMIZATION_LEVEL = 0;
				GCC_PREPROCESSOR_DEFINITIONS = (
					"DEBUG=1",
					"$(inherited)",
				);
				GCC_WARN_64_TO_32_BIT_CONVERSION = YES;
				GCC_WARN_ABOUT_RETURN_TYPE = YES_ERROR;
				GCC_WARN_UNDECLARED_SELECTOR = YES;
				GCC_WARN_UNINITIALIZED_AUTOS = YES_AGGRESSIVE;
				GCC_WARN_UNUSED_FUNCTION = YES;
				GCC_WARN_UNUSED_VARIABLE = YES;
				IPHONEOS_DEPLOYMENT_TARGET = 15.2;
				MTL_ENABLE_DEBUG_INFO = INCLUDE_SOURCE;
				MTL_FAST_MATH = YES;
				ONLY_ACTIVE_ARCH = YES;
				SDKROOT = iphoneos;
				SWIFT_ACTIVE_COMPILATION_CONDITIONS = DEBUG;
				SWIFT_OPTIMIZATION_LEVEL = "-Onone";
			};
			name = Debug;
		};
		CE6FCD4E293383AF0090ECB3 /* Release */ = {
			isa = XCBuildConfiguration;
			buildSettings = {
				ALWAYS_SEARCH_USER_PATHS = NO;
				CLANG_ANALYZER_NONNULL = YES;
				CLANG_ANALYZER_NUMBER_OBJECT_CONVERSION = YES_AGGRESSIVE;
				CLANG_CXX_LANGUAGE_STANDARD = "gnu++17";
				CLANG_CXX_LIBRARY = "libc++";
				CLANG_ENABLE_MODULES = YES;
				CLANG_ENABLE_OBJC_ARC = YES;
				CLANG_ENABLE_OBJC_WEAK = YES;
				CLANG_WARN_BLOCK_CAPTURE_AUTORELEASING = YES;
				CLANG_WARN_BOOL_CONVERSION = YES;
				CLANG_WARN_COMMA = YES;
				CLANG_WARN_CONSTANT_CONVERSION = YES;
				CLANG_WARN_DEPRECATED_OBJC_IMPLEMENTATIONS = YES;
				CLANG_WARN_DIRECT_OBJC_ISA_USAGE = YES_ERROR;
				CLANG_WARN_DOCUMENTATION_COMMENTS = YES;
				CLANG_WARN_EMPTY_BODY = YES;
				CLANG_WARN_ENUM_CONVERSION = YES;
				CLANG_WARN_INFINITE_RECURSION = YES;
				CLANG_WARN_INT_CONVERSION = YES;
				CLANG_WARN_NON_LITERAL_NULL_CONVERSION = YES;
				CLANG_WARN_OBJC_IMPLICIT_RETAIN_SELF = YES;
				CLANG_WARN_OBJC_LITERAL_CONVERSION = YES;
				CLANG_WARN_OBJC_ROOT_CLASS = YES_ERROR;
				CLANG_WARN_QUOTED_INCLUDE_IN_FRAMEWORK_HEADER = YES;
				CLANG_WARN_RANGE_LOOP_ANALYSIS = YES;
				CLANG_WARN_STRICT_PROTOTYPES = YES;
				CLANG_WARN_SUSPICIOUS_MOVE = YES;
				CLANG_WARN_UNGUARDED_AVAILABILITY = YES_AGGRESSIVE;
				CLANG_WARN_UNREACHABLE_CODE = YES;
				CLANG_WARN__DUPLICATE_METHOD_MATCH = YES;
				COPY_PHASE_STRIP = NO;
				DEBUG_INFORMATION_FORMAT = "dwarf-with-dsym";
				ENABLE_NS_ASSERTIONS = NO;
				ENABLE_STRICT_OBJC_MSGSEND = YES;
				GCC_C_LANGUAGE_STANDARD = gnu11;
				GCC_NO_COMMON_BLOCKS = YES;
				GCC_WARN_64_TO_32_BIT_CONVERSION = YES;
				GCC_WARN_ABOUT_RETURN_TYPE = YES_ERROR;
				GCC_WARN_UNDECLARED_SELECTOR = YES;
				GCC_WARN_UNINITIALIZED_AUTOS = YES_AGGRESSIVE;
				GCC_WARN_UNUSED_FUNCTION = YES;
				GCC_WARN_UNUSED_VARIABLE = YES;
				IPHONEOS_DEPLOYMENT_TARGET = 15.2;
				MTL_ENABLE_DEBUG_INFO = NO;
				MTL_FAST_MATH = YES;
				SDKROOT = iphoneos;
				SWIFT_COMPILATION_MODE = wholemodule;
				SWIFT_OPTIMIZATION_LEVEL = "-O";
				VALIDATE_PRODUCT = YES;
			};
			name = Release;
		};
		CE6FCD50293383AF0090ECB3 /* Debug */ = {
			isa = XCBuildConfiguration;
			buildSettings = {
				ASSETCATALOG_COMPILER_APPICON_NAME = AppIcon;
				ASSETCATALOG_COMPILER_GLOBAL_ACCENT_COLOR_NAME = AccentColor;
				CODE_SIGN_STYLE = Automatic;
				CURRENT_PROJECT_VERSION = 1;
				GENERATE_INFOPLIST_FILE = YES;
				INFOPLIST_FILE = JSONParsingDemo/Info.plist;
				INFOPLIST_KEY_UIApplicationSupportsIndirectInputEvents = YES;
				INFOPLIST_KEY_UILaunchStoryboardName = LaunchScreen;
				INFOPLIST_KEY_UIMainStoryboardFile = Main;
				INFOPLIST_KEY_UISupportedInterfaceOrientations_iPad = "UIInterfaceOrientationPortrait UIInterfaceOrientationPortraitUpsideDown UIInterfaceOrientationLandscapeLeft UIInterfaceOrientationLandscapeRight";
				INFOPLIST_KEY_UISupportedInterfaceOrientations_iPhone = "UIInterfaceOrientationPortrait UIInterfaceOrientationLandscapeLeft UIInterfaceOrientationLandscapeRight";
				LD_RUNPATH_SEARCH_PATHS = (
					"$(inherited)",
					"@executable_path/Frameworks",
				);
				MARKETING_VERSION = 1.0;
				PRODUCT_BUNDLE_IDENTIFIER = com.gichukipaul.JSONParsingDemo;
				PRODUCT_NAME = "$(TARGET_NAME)";
				SWIFT_EMIT_LOC_STRINGS = YES;
				SWIFT_VERSION = 5.0;
				TARGETED_DEVICE_FAMILY = "1,2";
			};
			name = Debug;
		};
		CE6FCD51293383AF0090ECB3 /* Release */ = {
			isa = XCBuildConfiguration;
			buildSettings = {
				ASSETCATALOG_COMPILER_APPICON_NAME = AppIcon;
				ASSETCATALOG_COMPILER_GLOBAL_ACCENT_COLOR_NAME = AccentColor;
				CODE_SIGN_STYLE = Automatic;
				CURRENT_PROJECT_VERSION = 1;
				GENERATE_INFOPLIST_FILE = YES;
				INFOPLIST_FILE = JSONParsingDemo/Info.plist;
				INFOPLIST_KEY_UIApplicationSupportsIndirectInputEvents = YES;
				INFOPLIST_KEY_UILaunchStoryboardName = LaunchScreen;
				INFOPLIST_KEY_UIMainStoryboardFile = Main;
				INFOPLIST_KEY_UISupportedInterfaceOrientations_iPad = "UIInterfaceOrientationPortrait UIInterfaceOrientationPortraitUpsideDown UIInterfaceOrientationLandscapeLeft UIInterfaceOrientationLandscapeRight";
				INFOPLIST_KEY_UISupportedInterfaceOrientations_iPhone = "UIInterfaceOrientationPortrait UIInterfaceOrientationLandscapeLeft UIInterfaceOrientationLandscapeRight";
				LD_RUNPATH_SEARCH_PATHS = (
					"$(inherited)",
					"@executable_path/Frameworks",
				);
				MARKETING_VERSION = 1.0;
				PRODUCT_BUNDLE_IDENTIFIER = com.gichukipaul.JSONParsingDemo;
				PRODUCT_NAME = "$(TARGET_NAME)";
				SWIFT_EMIT_LOC_STRINGS = YES;
				SWIFT_VERSION = 5.0;
				TARGETED_DEVICE_FAMILY = "1,2";
			};
			name = Release;
		};
/* End XCBuildConfiguration section */

/* Begin XCConfigurationList section */
		CE6FCD36293383AC0090ECB3 /* Build configuration list for PBXProject "JSONParsingDemo" */ = {
			isa = XCConfigurationList;
			buildConfigurations = (
				CE6FCD4D293383AF0090ECB3 /* Debug */,
				CE6FCD4E293383AF0090ECB3 /* Release */,
			);
			defaultConfigurationIsVisible = 0;
			defaultConfigurationName = Release;
		};
		CE6FCD4F293383AF0090ECB3 /* Build configuration list for PBXNativeTarget "JSONParsingDemo" */ = {
			isa = XCConfigurationList;
			buildConfigurations = (
				CE6FCD50293383AF0090ECB3 /* Debug */,
				CE6FCD51293383AF0090ECB3 /* Release */,
			);
			defaultConfigurationIsVisible = 0;
			defaultConfigurationName = Release;
		};
/* End XCConfigurationList section */
	};
	rootObject = CE6FCD33293383AC0090ECB3 /* Project object */;
}
